// !$*UTF8*$!
{
	archiveVersion = 1;
	classes = {
	};
	objectVersion = 48;
	objects = {

/* Begin PBXBuildFile section */
		0A5EF2EC20294173006E19BF /* AppDelegate.m in Sources */ = {isa = PBXBuildFile; fileRef = 0A5EF2EB20294173006E19BF /* AppDelegate.m */; };
		0A5EF2EF20294173006E19BF /* ViewController.m in Sources */ = {isa = PBXBuildFile; fileRef = 0A5EF2EE20294173006E19BF /* ViewController.m */; };
		0A5EF2F220294173006E19BF /* Main.storyboard in Resources */ = {isa = PBXBuildFile; fileRef = 0A5EF2F020294173006E19BF /* Main.storyboard */; };
		0A5EF2F420294173006E19BF /* Assets.xcassets in Resources */ = {isa = PBXBuildFile; fileRef = 0A5EF2F320294173006E19BF /* Assets.xcassets */; };
		0A5EF2F720294173006E19BF /* LaunchScreen.storyboard in Resources */ = {isa = PBXBuildFile; fileRef = 0A5EF2F520294173006E19BF /* LaunchScreen.storyboard */; };
		0A5EF2FA20294173006E19BF /* main.m in Sources */ = {isa = PBXBuildFile; fileRef = 0A5EF2F920294173006E19BF /* main.m */; };
		0A5EF30420294173006E19BF /* AoTaiTests.m in Sources */ = {isa = PBXBuildFile; fileRef = 0A5EF30320294173006E19BF /* AoTaiTests.m */; };
		0A5EF30F20294173006E19BF /* AoTaiUITests.m in Sources */ = {isa = PBXBuildFile; fileRef = 0A5EF30E20294173006E19BF /* AoTaiUITests.m */; };
		0A5EF31E20294272006E19BF /* Localsize.strings in Resources */ = {isa = PBXBuildFile; fileRef = 0A5EF32020294272006E19BF /* Localsize.strings */; };
		0A5EF32820294E55006E19BF /* AudioToolbox.framework in Frameworks */ = {isa = PBXBuildFile; fileRef = 0A5EF32720294E55006E19BF /* AudioToolbox.framework */; };
		0A5EF32A20294E5E006E19BF /* JavaScriptCore.framework in Frameworks */ = {isa = PBXBuildFile; fileRef = 0A5EF32920294E5E006E19BF /* JavaScriptCore.framework */; };
/* End PBXBuildFile section */

/* Begin PBXContainerItemProxy section */
		0A5EF30020294173006E19BF /* PBXContainerItemProxy */ = {
			isa = PBXContainerItemProxy;
			containerPortal = 0A5EF2DF20294173006E19BF /* Project object */;
			proxyType = 1;
			remoteGlobalIDString = 0A5EF2E620294173006E19BF;
			remoteInfo = AoTai;
		};
		0A5EF30B20294173006E19BF /* PBXContainerItemProxy */ = {
			isa = PBXContainerItemProxy;
			containerPortal = 0A5EF2DF20294173006E19BF /* Project object */;
			proxyType = 1;
			remoteGlobalIDString = 0A5EF2E620294173006E19BF;
			remoteInfo = AoTai;
		};
/* End PBXContainerItemProxy section */

/* Begin PBXFileReference section */
		0A5EF2E720294173006E19BF /* AoTai.app */ = {isa = PBXFileReference; explicitFileType = wrapper.application; includeInIndex = 0; path = AoTai.app; sourceTree = BUILT_PRODUCTS_DIR; };
		0A5EF2EA20294173006E19BF /* AppDelegate.h */ = {isa = PBXFileReference; lastKnownFileType = sourcecode.c.h; path = AppDelegate.h; sourceTree = "<group>"; };
		0A5EF2EB20294173006E19BF /* AppDelegate.m */ = {isa = PBXFileReference; lastKnownFileType = sourcecode.c.objc; path = AppDelegate.m; sourceTree = "<group>"; };
		0A5EF2ED20294173006E19BF /* ViewController.h */ = {isa = PBXFileReference; lastKnownFileType = sourcecode.c.h; path = ViewController.h; sourceTree = "<group>"; };
		0A5EF2EE20294173006E19BF /* ViewController.m */ = {isa = PBXFileReference; lastKnownFileType = sourcecode.c.objc; path = ViewController.m; sourceTree = "<group>"; };
		0A5EF2F120294173006E19BF /* Base */ = {isa = PBXFileReference; lastKnownFileType = file.storyboard; name = Base; path = Base.lproj/Main.storyboard; sourceTree = "<group>"; };
		0A5EF2F320294173006E19BF /* Assets.xcassets */ = {isa = PBXFileReference; lastKnownFileType = folder.assetcatalog; path = Assets.xcassets; sourceTree = "<group>"; };
		0A5EF2F620294173006E19BF /* Base */ = {isa = PBXFileReference; lastKnownFileType = file.storyboard; name = Base; path = Base.lproj/LaunchScreen.storyboard; sourceTree = "<group>"; };
		0A5EF2F820294173006E19BF /* Info.plist */ = {isa = PBXFileReference; lastKnownFileType = text.plist.xml; path = Info.plist; sourceTree = "<group>"; };
		0A5EF2F920294173006E19BF /* main.m */ = {isa = PBXFileReference; lastKnownFileType = sourcecode.c.objc; path = main.m; sourceTree = "<group>"; };
		0A5EF2FF20294173006E19BF /* AoTaiTests.xctest */ = {isa = PBXFileReference; explicitFileType = wrapper.cfbundle; includeInIndex = 0; path = AoTaiTests.xctest; sourceTree = BUILT_PRODUCTS_DIR; };
		0A5EF30320294173006E19BF /* AoTaiTests.m */ = {isa = PBXFileReference; lastKnownFileType = sourcecode.c.objc; path = AoTaiTests.m; sourceTree = "<group>"; };
		0A5EF30520294173006E19BF /* Info.plist */ = {isa = PBXFileReference; lastKnownFileType = text.plist.xml; path = Info.plist; sourceTree = "<group>"; };
		0A5EF30A20294173006E19BF /* AoTaiUITests.xctest */ = {isa = PBXFileReference; explicitFileType = wrapper.cfbundle; includeInIndex = 0; path = AoTaiUITests.xctest; sourceTree = BUILT_PRODUCTS_DIR; };
		0A5EF30E20294173006E19BF /* AoTaiUITests.m */ = {isa = PBXFileReference; lastKnownFileType = sourcecode.c.objc; path = AoTaiUITests.m; sourceTree = "<group>"; };
		0A5EF31020294173006E19BF /* Info.plist */ = {isa = PBXFileReference; lastKnownFileType = text.plist.xml; path = Info.plist; sourceTree = "<group>"; };
		0A5EF32120294284006E19BF /* Base */ = {isa = PBXFileReference; lastKnownFileType = text.plist.strings; name = Base; path = Base.lproj/Localsize.strings; sourceTree = "<group>"; };
		0A5EF322202942D1006E19BF /* en */ = {isa = PBXFileReference; lastKnownFileType = text.plist.strings; name = en; path = en.lproj/Localsize.strings; sourceTree = "<group>"; };
		0A5EF3232029430F006E19BF /* zh-Hans */ = {isa = PBXFileReference; lastKnownFileType = text.plist.strings; name = "zh-Hans"; path = "zh-Hans.lproj/Main.strings"; sourceTree = "<group>"; };
		0A5EF3242029430F006E19BF /* zh-Hans */ = {isa = PBXFileReference; lastKnownFileType = text.plist.strings; name = "zh-Hans"; path = "zh-Hans.lproj/LaunchScreen.strings"; sourceTree = "<group>"; };
		0A5EF3252029430F006E19BF /* zh-Hans */ = {isa = PBXFileReference; lastKnownFileType = text.plist.strings; name = "zh-Hans"; path = "zh-Hans.lproj/Localsize.strings"; sourceTree = "<group>"; };
		0A5EF32720294E55006E19BF /* AudioToolbox.framework */ = {isa = PBXFileReference; lastKnownFileType = wrapper.framework; name = AudioToolbox.framework; path = System/Library/Frameworks/AudioToolbox.framework; sourceTree = SDKROOT; };
		0A5EF32920294E5E006E19BF /* JavaScriptCore.framework */ = {isa = PBXFileReference; lastKnownFileType = wrapper.framework; name = JavaScriptCore.framework; path = System/Library/Frameworks/JavaScriptCore.framework; sourceTree = SDKROOT; };
		0A5EF32B20294F91006E19BF /* PrefixHeader.h */ = {isa = PBXFileReference; lastKnownFileType = sourcecode.c.h; path = PrefixHeader.h; sourceTree = "<group>"; };
/* End PBXFileReference section */

/* Begin PBXFrameworksBuildPhase section */
		0A5EF2E420294173006E19BF /* Frameworks */ = {
			isa = PBXFrameworksBuildPhase;
			buildActionMask = 2147483647;
			files = (
				0A5EF32A20294E5E006E19BF /* JavaScriptCore.framework in Frameworks */,
				0A5EF32820294E55006E19BF /* AudioToolbox.framework in Frameworks */,
			);
			runOnlyForDeploymentPostprocessing = 0;
		};
		0A5EF2FC20294173006E19BF /* Frameworks */ = {
			isa = PBXFrameworksBuildPhase;
			buildActionMask = 2147483647;
			files = (
			);
			runOnlyForDeploymentPostprocessing = 0;
		};
		0A5EF30720294173006E19BF /* Frameworks */ = {
			isa = PBXFrameworksBuildPhase;
			buildActionMask = 2147483647;
			files = (
			);
			runOnlyForDeploymentPostprocessing = 0;
		};
/* End PBXFrameworksBuildPhase section */

/* Begin PBXGroup section */
		0A5EF2DE20294173006E19BF = {
			isa = PBXGroup;
			children = (
				0A5EF32020294272006E19BF /* Localsize.strings */,
				0A5EF2E920294173006E19BF /* AoTai */,
				0A5EF30220294173006E19BF /* AoTaiTests */,
				0A5EF30D20294173006E19BF /* AoTaiUITests */,
				0A5EF2E820294173006E19BF /* Products */,
				0A5EF32620294E54006E19BF /* Frameworks */,
			);
			sourceTree = "<group>";
		};
		0A5EF2E820294173006E19BF /* Products */ = {
			isa = PBXGroup;
			children = (
				0A5EF2E720294173006E19BF /* AoTai.app */,
				0A5EF2FF20294173006E19BF /* AoTaiTests.xctest */,
				0A5EF30A20294173006E19BF /* AoTaiUITests.xctest */,
			);
			name = Products;
			sourceTree = "<group>";
		};
		0A5EF2E920294173006E19BF /* AoTai */ = {
			isa = PBXGroup;
			children = (
				0A5EF2EA20294173006E19BF /* AppDelegate.h */,
				0A5EF2EB20294173006E19BF /* AppDelegate.m */,
				0A5EF2ED20294173006E19BF /* ViewController.h */,
				0A5EF2EE20294173006E19BF /* ViewController.m */,
				0A5EF32B20294F91006E19BF /* PrefixHeader.h */,
				0A5EF2F020294173006E19BF /* Main.storyboard */,
				0A5EF2F320294173006E19BF /* Assets.xcassets */,
				0A5EF2F520294173006E19BF /* LaunchScreen.storyboard */,
				0A5EF2F820294173006E19BF /* Info.plist */,
				0A5EF2F920294173006E19BF /* main.m */,
			);
			path = AoTai;
			sourceTree = "<group>";
		};
		0A5EF30220294173006E19BF /* AoTaiTests */ = {
			isa = PBXGroup;
			children = (
				0A5EF30320294173006E19BF /* AoTaiTests.m */,
				0A5EF30520294173006E19BF /* Info.plist */,
			);
			path = AoTaiTests;
			sourceTree = "<group>";
		};
		0A5EF30D20294173006E19BF /* AoTaiUITests */ = {
			isa = PBXGroup;
			children = (
				0A5EF30E20294173006E19BF /* AoTaiUITests.m */,
				0A5EF31020294173006E19BF /* Info.plist */,
			);
			path = AoTaiUITests;
			sourceTree = "<group>";
		};
		0A5EF32620294E54006E19BF /* Frameworks */ = {
			isa = PBXGroup;
			children = (
				0A5EF32920294E5E006E19BF /* JavaScriptCore.framework */,
				0A5EF32720294E55006E19BF /* AudioToolbox.framework */,
			);
			name = Frameworks;
			sourceTree = "<group>";
		};
/* End PBXGroup section */

/* Begin PBXNativeTarget section */
		0A5EF2E620294173006E19BF /* AoTai */ = {
			isa = PBXNativeTarget;
			buildConfigurationList = 0A5EF31320294173006E19BF /* Build configuration list for PBXNativeTarget "AoTai" */;
			buildPhases = (
				0A5EF2E320294173006E19BF /* Sources */,
				0A5EF2E420294173006E19BF /* Frameworks */,
				0A5EF2E520294173006E19BF /* Resources */,
			);
			buildRules = (
			);
			dependencies = (
			);
			name = AoTai;
			productName = AoTai;
			productReference = 0A5EF2E720294173006E19BF /* AoTai.app */;
			productType = "com.apple.product-type.application";
		};
		0A5EF2FE20294173006E19BF /* AoTaiTests */ = {
			isa = PBXNativeTarget;
			buildConfigurationList = 0A5EF31620294173006E19BF /* Build configuration list for PBXNativeTarget "AoTaiTests" */;
			buildPhases = (
				0A5EF2FB20294173006E19BF /* Sources */,
				0A5EF2FC20294173006E19BF /* Frameworks */,
				0A5EF2FD20294173006E19BF /* Resources */,
			);
			buildRules = (
			);
			dependencies = (
				0A5EF30120294173006E19BF /* PBXTargetDependency */,
			);
			name = AoTaiTests;
			productName = AoTaiTests;
			productReference = 0A5EF2FF20294173006E19BF /* AoTaiTests.xctest */;
			productType = "com.apple.product-type.bundle.unit-test";
		};
		0A5EF30920294173006E19BF /* AoTaiUITests */ = {
			isa = PBXNativeTarget;
			buildConfigurationList = 0A5EF31920294173006E19BF /* Build configuration list for PBXNativeTarget "AoTaiUITests" */;
			buildPhases = (
				0A5EF30620294173006E19BF /* Sources */,
				0A5EF30720294173006E19BF /* Frameworks */,
				0A5EF30820294173006E19BF /* Resources */,
			);
			buildRules = (
			);
			dependencies = (
				0A5EF30C20294173006E19BF /* PBXTargetDependency */,
			);
			name = AoTaiUITests;
			productName = AoTaiUITests;
			productReference = 0A5EF30A20294173006E19BF /* AoTaiUITests.xctest */;
			productType = "com.apple.product-type.bundle.ui-testing";
		};
/* End PBXNativeTarget section */

/* Begin PBXProject section */
		0A5EF2DF20294173006E19BF /* Project object */ = {
			isa = PBXProject;
			attributes = {
				LastUpgradeCheck = 0920;
				ORGANIZATIONNAME = "驭能者";
				TargetAttributes = {
					0A5EF2E620294173006E19BF = {
						CreatedOnToolsVersion = 9.2;
						ProvisioningStyle = Automatic;
					};
					0A5EF2FE20294173006E19BF = {
						CreatedOnToolsVersion = 9.2;
						ProvisioningStyle = Automatic;
						TestTargetID = 0A5EF2E620294173006E19BF;
					};
					0A5EF30920294173006E19BF = {
						CreatedOnToolsVersion = 9.2;
						ProvisioningStyle = Automatic;
						TestTargetID = 0A5EF2E620294173006E19BF;
					};
				};
			};
			buildConfigurationList = 0A5EF2E220294173006E19BF /* Build configuration list for PBXProject "AoTai" */;
			compatibilityVersion = "Xcode 8.0";
			developmentRegion = en;
			hasScannedForEncodings = 0;
			knownRegions = (
				en,
				Base,
				"zh-Hans",
			);
			mainGroup = 0A5EF2DE20294173006E19BF;
			productRefGroup = 0A5EF2E820294173006E19BF /* Products */;
			projectDirPath = "";
			projectRoot = "";
			targets = (
				0A5EF2E620294173006E19BF /* AoTai */,
				0A5EF2FE20294173006E19BF /* AoTaiTests */,
				0A5EF30920294173006E19BF /* AoTaiUITests */,
			);
		};
/* End PBXProject section */

/* Begin PBXResourcesBuildPhase section */
		0A5EF2E520294173006E19BF /* Resources */ = {
			isa = PBXResourcesBuildPhase;
			buildActionMask = 2147483647;
			files = (
				0A5EF2F720294173006E19BF /* LaunchScreen.storyboard in Resources */,
				0A5EF2F420294173006E19BF /* Assets.xcassets in Resources */,
				0A5EF2F220294173006E19BF /* Main.storyboard in Resources */,
				0A5EF31E20294272006E19BF /* Localsize.strings in Resources */,
			);
			runOnlyForDeploymentPostprocessing = 0;
		};
		0A5EF2FD20294173006E19BF /* Resources */ = {
			isa = PBXResourcesBuildPhase;
			buildActionMask = 2147483647;
			files = (
			);
			runOnlyForDeploymentPostprocessing = 0;
		};
		0A5EF30820294173006E19BF /* Resources */ = {
			isa = PBXResourcesBuildPhase;
			buildActionMask = 2147483647;
			files = (
			);
			runOnlyForDeploymentPostprocessing = 0;
		};
/* End PBXResourcesBuildPhase section */

/* Begin PBXSourcesBuildPhase section */
		0A5EF2E320294173006E19BF /* Sources */ = {
			isa = PBXSourcesBuildPhase;
			buildActionMask = 2147483647;
			files = (
				0A5EF2EF20294173006E19BF /* ViewController.m in Sources */,
				0A5EF2FA20294173006E19BF /* main.m in Sources */,
				0A5EF2EC20294173006E19BF /* AppDelegate.m in Sources */,
			);
			runOnlyForDeploymentPostprocessing = 0;
		};
		0A5EF2FB20294173006E19BF /* Sources */ = {
			isa = PBXSourcesBuildPhase;
			buildActionMask = 2147483647;
			files = (
				0A5EF30420294173006E19BF /* AoTaiTests.m in Sources */,
			);
			runOnlyForDeploymentPostprocessing = 0;
		};
		0A5EF30620294173006E19BF /* Sources */ = {
			isa = PBXSourcesBuildPhase;
			buildActionMask = 2147483647;
			files = (
				0A5EF30F20294173006E19BF /* AoTaiUITests.m in Sources */,
			);
			runOnlyForDeploymentPostprocessing = 0;
		};
/* End PBXSourcesBuildPhase section */

/* Begin PBXTargetDependency section */
		0A5EF30120294173006E19BF /* PBXTargetDependency */ = {
			isa = PBXTargetDependency;
			target = 0A5EF2E620294173006E19BF /* AoTai */;
			targetProxy = 0A5EF30020294173006E19BF /* PBXContainerItemProxy */;
		};
		0A5EF30C20294173006E19BF /* PBXTargetDependency */ = {
			isa = PBXTargetDependency;
			target = 0A5EF2E620294173006E19BF /* AoTai */;
			targetProxy = 0A5EF30B20294173006E19BF /* PBXContainerItemProxy */;
		};
/* End PBXTargetDependency section */

/* Begin PBXVariantGroup section */
		0A5EF2F020294173006E19BF /* Main.storyboard */ = {
			isa = PBXVariantGroup;
			children = (
				0A5EF2F120294173006E19BF /* Base */,
				0A5EF3232029430F006E19BF /* zh-Hans */,
			);
			name = Main.storyboard;
			sourceTree = "<group>";
		};
		0A5EF2F520294173006E19BF /* LaunchScreen.storyboard */ = {
			isa = PBXVariantGroup;
			children = (
				0A5EF2F620294173006E19BF /* Base */,
				0A5EF3242029430F006E19BF /* zh-Hans */,
			);
			name = LaunchScreen.storyboard;
			sourceTree = "<group>";
		};
		0A5EF32020294272006E19BF /* Localsize.strings */ = {
			isa = PBXVariantGroup;
			children = (
				0A5EF32120294284006E19BF /* Base */,
				0A5EF322202942D1006E19BF /* en */,
				0A5EF3252029430F006E19BF /* zh-Hans */,
			);
			name = Localsize.strings;
			sourceTree = "<group>";
		};
/* End PBXVariantGroup section */

/* Begin XCBuildConfiguration section */
		0A5EF31120294173006E19BF /* Debug */ = {
			isa = XCBuildConfiguration;
			buildSettings = {
				ALWAYS_SEARCH_USER_PATHS = NO;
				CLANG_ANALYZER_LOCALIZABILITY_NONLOCALIZED = YES;
				CLANG_ANALYZER_NONNULL = YES;
				CLANG_ANALYZER_NUMBER_OBJECT_CONVERSION = YES_AGGRESSIVE;
				CLANG_CXX_LANGUAGE_STANDARD = "gnu++14";
				CLANG_CXX_LIBRARY = "libc++";
				CLANG_ENABLE_MODULES = YES;
				CLANG_ENABLE_OBJC_ARC = YES;
				CLANG_WARN_BLOCK_CAPTURE_AUTORELEASING = YES;
				CLANG_WARN_BOOL_CONVERSION = YES;
				CLANG_WARN_COMMA = YES;
				CLANG_WARN_CONSTANT_CONVERSION = YES;
				CLANG_WARN_DIRECT_OBJC_ISA_USAGE = YES_ERROR;
				CLANG_WARN_DOCUMENTATION_COMMENTS = YES;
				CLANG_WARN_EMPTY_BODY = YES;
				CLANG_WARN_ENUM_CONVERSION = YES;
				CLANG_WARN_INFINITE_RECURSION = YES;
				CLANG_WARN_INT_CONVERSION = YES;
				CLANG_WARN_NON_LITERAL_NULL_CONVERSION = YES;
				CLANG_WARN_OBJC_LITERAL_CONVERSION = YES;
				CLANG_WARN_OBJC_ROOT_CLASS = YES_ERROR;
				CLANG_WARN_RANGE_LOOP_ANALYSIS = YES;
				CLANG_WARN_STRICT_PROTOTYPES = YES;
				CLANG_WARN_SUSPICIOUS_MOVE = YES;
				CLANG_WARN_UNGUARDED_AVAILABILITY = YES_AGGRESSIVE;
				CLANG_WARN_UNREACHABLE_CODE = YES;
				CLANG_WARN__DUPLICATE_METHOD_MATCH = YES;
				CODE_SIGN_IDENTITY = "iPhone Developer";
				COPY_PHASE_STRIP = NO;
				DEBUG_INFORMATION_FORMAT = dwarf;
				ENABLE_STRICT_OBJC_MSGSEND = YES;
				ENABLE_TESTABILITY = YES;
				GCC_C_LANGUAGE_STANDARD = gnu11;
				GCC_DYNAMIC_NO_PIC = NO;
				GCC_NO_COMMON_BLOCKS = YES;
				GCC_OPTIMIZATION_LEVEL = 0;
				GCC_PREPROCESSOR_DEFINITIONS = (
					"DEBUG=1",
					"$(inherited)",
				);
				GCC_WARN_64_TO_32_BIT_CONVERSION = YES;
				GCC_WARN_ABOUT_RETURN_TYPE = YES_ERROR;
				GCC_WARN_UNDECLARED_SELECTOR = YES;
				GCC_WARN_UNINITIALIZED_AUTOS = YES_AGGRESSIVE;
				GCC_WARN_UNUSED_FUNCTION = YES;
				GCC_WARN_UNUSED_VARIABLE = YES;
				IPHONEOS_DEPLOYMENT_TARGET = 11.2;
				MTL_ENABLE_DEBUG_INFO = YES;
				ONLY_ACTIVE_ARCH = YES;
				SDKROOT = iphoneos;
			};
			name = Debug;
		};
		0A5EF31220294173006E19BF /* Release */ = {
			isa = XCBuildConfiguration;
			buildSettings = {
				ALWAYS_SEARCH_USER_PATHS = NO;
				CLANG_ANALYZER_LOCALIZABILITY_NONLOCALIZED = YES;
				CLANG_ANALYZER_NONNULL = YES;
				CLANG_ANALYZER_NUMBER_OBJECT_CONVERSION = YES_AGGRESSIVE;
				CLANG_CXX_LANGUAGE_STANDARD = "gnu++14";
				CLANG_CXX_LIBRARY = "libc++";
				CLANG_ENABLE_MODULES = YES;
				CLANG_ENABLE_OBJC_ARC = YES;
				CLANG_WARN_BLOCK_CAPTURE_AUTORELEASING = YES;
				CLANG_WARN_BOOL_CONVERSION = YES;
				CLANG_WARN_COMMA = YES;
				CLANG_WARN_CONSTANT_CONVERSION = YES;
				CLANG_WARN_DIRECT_OBJC_ISA_USAGE = YES_ERROR;
				CLANG_WARN_DOCUMENTATION_COMMENTS = YES;
				CLANG_WARN_EMPTY_BODY = YES;
				CLANG_WARN_ENUM_CONVERSION = YES;
				CLANG_WARN_INFINITE_RECURSION = YES;
				CLANG_WARN_INT_CONVERSION = YES;
				CLANG_WARN_NON_LITERAL_NULL_CONVERSION = YES;
				CLANG_WARN_OBJC_LITERAL_CONVERSION = YES;
				CLANG_WARN_OBJC_ROOT_CLASS = YES_ERROR;
				CLANG_WARN_RANGE_LOOP_ANALYSIS = YES;
				CLANG_WARN_STRICT_PROTOTYPES = YES;
				CLANG_WARN_SUSPICIOUS_MOVE = YES;
				CLANG_WARN_UNGUARDED_AVAILABILITY = YES_AGGRESSIVE;
				CLANG_WARN_UNREACHABLE_CODE = YES;
				CLANG_WARN__DUPLICATE_METHOD_MATCH = YES;
				CODE_SIGN_IDENTITY = "iPhone Developer";
				COPY_PHASE_STRIP = NO;
				DEBUG_INFORMATION_FORMAT = "dwarf-with-dsym";
				ENABLE_NS_ASSERTIONS = NO;
				ENABLE_STRICT_OBJC_MSGSEND = YES;
				GCC_C_LANGUAGE_STANDARD = gnu11;
				GCC_NO_COMMON_BLOCKS = YES;
				GCC_WARN_64_TO_32_BIT_CONVERSION = YES;
				GCC_WARN_ABOUT_RETURN_TYPE = YES_ERROR;
				GCC_WARN_UNDECLARED_SELECTOR = YES;
				GCC_WARN_UNINITIALIZED_AUTOS = YES_AGGRESSIVE;
				GCC_WARN_UNUSED_FUNCTION = YES;
				GCC_WARN_UNUSED_VARIABLE = YES;
				IPHONEOS_DEPLOYMENT_TARGET = 11.2;
				MTL_ENABLE_DEBUG_INFO = NO;
				SDKROOT = iphoneos;
				VALIDATE_PRODUCT = YES;
			};
			name = Release;
		};
		0A5EF31420294173006E19BF /* Debug */ = {
			isa = XCBuildConfiguration;
			buildSettings = {
				ASSETCATALOG_COMPILER_APPICON_NAME = AppIcon;
				ASSETCATALOG_COMPILER_LAUNCHIMAGE_NAME = LaunchImage;
				CODE_SIGN_STYLE = Automatic;
				DEVELOPMENT_TEAM = M75Y93FZP3;
				INFOPLIST_FILE = AoTai/Info.plist;
				IPHONEOS_DEPLOYMENT_TARGET = 11.1;
				LD_RUNPATH_SEARCH_PATHS = "$(inherited) @executable_path/Frameworks";
				PRODUCT_BUNDLE_IDENTIFIER = com.yunengzhe.AoTai;
				PRODUCT_NAME = "$(TARGET_NAME)";
				TARGETED_DEVICE_FAMILY = "1,2";
			};
			name = Debug;
		};
		0A5EF31520294173006E19BF /* Release */ = {
			isa = XCBuildConfiguration;
			buildSettings = {
				ASSETCATALOG_COMPILER_APPICON_NAME = AppIcon;
				ASSETCATALOG_COMPILER_LAUNCHIMAGE_NAME = LaunchImage;
				CODE_SIGN_STYLE = Automatic;
				DEVELOPMENT_TEAM = M75Y93FZP3;
				INFOPLIST_FILE = AoTai/Info.plist;
				IPHONEOS_DEPLOYMENT_TARGET = 11.1;
				LD_RUNPATH_SEARCH_PATHS = "$(inherited) @executable_path/Frameworks";
				PRODUCT_BUNDLE_IDENTIFIER = com.yunengzhe.AoTai;
				PRODUCT_NAME = "$(TARGET_NAME)";
				TARGETED_DEVICE_FAMILY = "1,2";
			};
			name = Release;
		};
		0A5EF31720294173006E19BF /* Debug */ = {
			isa = XCBuildConfiguration;
			buildSettings = {
				BUNDLE_LOADER = "$(TEST_HOST)";
				CODE_SIGN_STYLE = Automatic;
				DEVELOPMENT_TEAM = M75Y93FZP3;
				INFOPLIST_FILE = AoTaiTests/Info.plist;
				LD_RUNPATH_SEARCH_PATHS = "$(inherited) @executable_path/Frameworks @loader_path/Frameworks";
				PRODUCT_BUNDLE_IDENTIFIER = yunengzhe.AoTaiTests;
				PRODUCT_NAME = "$(TARGET_NAME)";
				TARGETED_DEVICE_FAMILY = "1,2";
				TEST_HOST = "$(BUILT_PRODUCTS_DIR)/AoTai.app/AoTai";
			};
			name = Debug;
		};
		0A5EF31820294173006E19BF /* Release */ = {
			isa = XCBuildConfiguration;
			buildSettings = {
				BUNDLE_LOADER = "$(TEST_HOST)";
				CODE_SIGN_STYLE = Automatic;
				DEVELOPMENT_TEAM = M75Y93FZP3;
				INFOPLIST_FILE = AoTaiTests/Info.plist;
				LD_RUNPATH_SEARCH_PATHS = "$(inherited) @executable_path/Frameworks @loader_path/Frameworks";
				PRODUCT_BUNDLE_IDENTIFIER = yunengzhe.AoTaiTests;
				PRODUCT_NAME = "$(TARGET_NAME)";
				TARGETED_DEVICE_FAMILY = "1,2";
				TEST_HOST = "$(BUILT_PRODUCTS_DIR)/AoTai.app/AoTai";
			};
			name = Release;
		};
		0A5EF31A20294173006E19BF /* Debug */ = {
			isa = XCBuildConfiguration;
			buildSettings = {
				CODE_SIGN_STYLE = Automatic;
				DEVELOPMENT_TEAM = M75Y93FZP3;
				INFOPLIST_FILE = AoTaiUITests/Info.plist;
				LD_RUNPATH_SEARCH_PATHS = "$(inherited) @executable_path/Frameworks @loader_path/Frameworks";
				PRODUCT_BUNDLE_IDENTIFIER = yunengzhe.AoTaiUITests;
				PRODUCT_NAME = "$(TARGET_NAME)";
				TARGETED_DEVICE_FAMILY = "1,2";
				TEST_TARGET_NAME = AoTai;
			};
			name = Debug;
		};
		0A5EF31B20294173006E19BF /* Release */ = {
			isa = XCBuildConfiguration;
			buildSettings = {
				CODE_SIGN_STYLE = Automatic;
				DEVELOPMENT_TEAM = M75Y93FZP3;
				INFOPLIST_FILE = AoTaiUITests/Info.plist;
				LD_RUNPATH_SEARCH_PATHS = "$(inherited) @executable_path/Frameworks @loader_path/Frameworks";
				PRODUCT_BUNDLE_IDENTIFIER = yunengzhe.AoTaiUITests;
				PRODUCT_NAME = "$(TARGET_NAME)";
				TARGETED_DEVICE_FAMILY = "1,2";
				TEST_TARGET_NAME = AoTai;
			};
			name = Release;
		};
/* End XCBuildConfiguration section */

/* Begin XCConfigurationList section */
		0A5EF2E220294173006E19BF /* Build configuration list for PBXProject "AoTai" */ = {
			isa = XCConfigurationList;
			buildConfigurations = (
				0A5EF31120294173006E19BF /* Debug */,
				0A5EF31220294173006E19BF /* Release */,
			);
			defaultConfigurationIsVisible = 0;
			defaultConfigurationName = Release;
		};
		0A5EF31320294173006E19BF /* Build configuration list for PBXNativeTarget "AoTai" */ = {
			isa = XCConfigurationList;
			buildConfigurations = (
				0A5EF31420294173006E19BF /* Debug */,
				0A5EF31520294173006E19BF /* Release */,
			);
			defaultConfigurationIsVisible = 0;
			defaultConfigurationName = Release;
		};
		0A5EF31620294173006E19BF /* Build configuration list for PBXNativeTarget "AoTaiTests" */ = {
			isa = XCConfigurationList;
			buildConfigurations = (
				0A5EF31720294173006E19BF /* Debug */,
				0A5EF31820294173006E19BF /* Release */,
			);
			defaultConfigurationIsVisible = 0;
			defaultConfigurationName = Release;
		};
		0A5EF31920294173006E19BF /* Build configuration list for PBXNativeTarget "AoTaiUITests" */ = {
			isa = XCConfigurationList;
			buildConfigurations = (
				0A5EF31A20294173006E19BF /* Debug */,
				0A5EF31B20294173006E19BF /* Release */,
			);
			defaultConfigurationIsVisible = 0;
			defaultConfigurationName = Release;
		};
/* End XCConfigurationList section */
	};
	rootObject = 0A5EF2DF20294173006E19BF /* Project object */;
}
